// !$*UTF8*$!
{
	archiveVersion = 1;
	classes = {
	};
	objectVersion = 50;
	objects = {

/* Begin PBXBuildFile section */
		472912F026222EFF00F0D545 /* Starter_SwiftUIApp.swift in Sources */ = {isa = PBXBuildFile; fileRef = 472912EF26222EFF00F0D545 /* Starter_SwiftUIApp.swift */; };
		472912F226222EFF00F0D545 /* ContentView.swift in Sources */ = {isa = PBXBuildFile; fileRef = 472912F126222EFF00F0D545 /* ContentView.swift */; };
		472912F426222EFF00F0D545 /* Assets.xcassets in Resources */ = {isa = PBXBuildFile; fileRef = 472912F326222EFF00F0D545 /* Assets.xcassets */; };
		472912F726222EFF00F0D545 /* Preview Assets.xcassets in Resources */ = {isa = PBXBuildFile; fileRef = 472912F626222EFF00F0D545 /* Preview Assets.xcassets */; };
		472912FC26222EFF00F0D545 /* Starter_SwiftUI.xcdatamodeld in Sources */ = {isa = PBXBuildFile; fileRef = 472912FA26222EFF00F0D545 /* Starter_SwiftUI.xcdatamodeld */; };
		4729130726222F0000F0D545 /* Starter_SwiftUITests.swift in Sources */ = {isa = PBXBuildFile; fileRef = 4729130626222F0000F0D545 /* Starter_SwiftUITests.swift */; };
		4729131226222F0000F0D545 /* Starter_SwiftUIUITests.swift in Sources */ = {isa = PBXBuildFile; fileRef = 4729131126222F0000F0D545 /* Starter_SwiftUIUITests.swift */; };
		47291337262230EA00F0D545 /* UserDefaultManager.swift in Sources */ = {isa = PBXBuildFile; fileRef = 47291336262230EA00F0D545 /* UserDefaultManager.swift */; };
		4729133E2622316E00F0D545 /* AppFont.swift in Sources */ = {isa = PBXBuildFile; fileRef = 4729133D2622316E00F0D545 /* AppFont.swift */; };
		47291349262231C600F0D545 /* SettingsManager.swift in Sources */ = {isa = PBXBuildFile; fileRef = 47291345262231C600F0D545 /* SettingsManager.swift */; };
		4729134A262231C600F0D545 /* InstructionsView.swift in Sources */ = {isa = PBXBuildFile; fileRef = 47291346262231C600F0D545 /* InstructionsView.swift */; };
		4729134B262231C600F0D545 /* SettingsView.swift in Sources */ = {isa = PBXBuildFile; fileRef = 47291347262231C600F0D545 /* SettingsView.swift */; };
		4729134C262231C600F0D545 /* SettingCell.swift in Sources */ = {isa = PBXBuildFile; fileRef = 47291348262231C600F0D545 /* SettingCell.swift */; };
		472913562622320D00F0D545 /* EULAView.swift in Sources */ = {isa = PBXBuildFile; fileRef = 472913522622320C00F0D545 /* EULAView.swift */; };
		472913572622320D00F0D545 /* WelcomeView.swift in Sources */ = {isa = PBXBuildFile; fileRef = 472913532622320C00F0D545 /* WelcomeView.swift */; };
		472913582622320D00F0D545 /* OnboardingView.swift in Sources */ = {isa = PBXBuildFile; fileRef = 472913542622320C00F0D545 /* OnboardingView.swift */; };
		472913682622325800F0D545 /* AlertPresenter.swift in Sources */ = {isa = PBXBuildFile; fileRef = 472913672622325800F0D545 /* AlertPresenter.swift */; };
		4729136E2622327B00F0D545 /* Extensions.swift in Sources */ = {isa = PBXBuildFile; fileRef = 4729136D2622327B00F0D545 /* Extensions.swift */; };
		472913A426223B7000F0D545 /* Launch Screen.storyboard in Resources */ = {isa = PBXBuildFile; fileRef = 472913A326223B7000F0D545 /* Launch Screen.storyboard */; };
		472913B6262240E300F0D545 /* SoundManager.swift in Sources */ = {isa = PBXBuildFile; fileRef = 472913B5262240E300F0D545 /* SoundManager.swift */; };
		472913DB2622437700F0D545 /* ImagePicker.swift in Sources */ = {isa = PBXBuildFile; fileRef = 472913D82622437700F0D545 /* ImagePicker.swift */; };
		472913DC2622437700F0D545 /* MailComposeView.swift in Sources */ = {isa = PBXBuildFile; fileRef = 472913D92622437700F0D545 /* MailComposeView.swift */; };
		472913DD2622437700F0D545 /* ActivityView.swift in Sources */ = {isa = PBXBuildFile; fileRef = 472913DA2622437700F0D545 /* ActivityView.swift */; };
		472913E82622450D00F0D545 /* AppInfo.swift in Sources */ = {isa = PBXBuildFile; fileRef = 472913E72622450D00F0D545 /* AppInfo.swift */; };
		472913F3262246D100F0D545 /* AppTintColor.swift in Sources */ = {isa = PBXBuildFile; fileRef = 472913F2262246D100F0D545 /* AppTintColor.swift */; };
		472913F826224ED900F0D545 /* ViewModifiers.swift in Sources */ = {isa = PBXBuildFile; fileRef = 472913F726224ED900F0D545 /* ViewModifiers.swift */; };
		4783FFD52628A07D00A4FEA9 /* Persistence.swift in Sources */ = {isa = PBXBuildFile; fileRef = 4783FFD42628A07D00A4FEA9 /* Persistence.swift */; };
		4783FFDA2628A08E00A4FEA9 /* Log.swift in Sources */ = {isa = PBXBuildFile; fileRef = 4783FFD92628A08E00A4FEA9 /* Log.swift */; };
/* End PBXBuildFile section */

/* Begin PBXContainerItemProxy section */
		4729130326222F0000F0D545 /* PBXContainerItemProxy */ = {
			isa = PBXContainerItemProxy;
			containerPortal = 472912E426222EFF00F0D545 /* Project object */;
			proxyType = 1;
			remoteGlobalIDString = 472912EB26222EFF00F0D545;
			remoteInfo = "Starter SwiftUI";
		};
		4729130E26222F0000F0D545 /* PBXContainerItemProxy */ = {
			isa = PBXContainerItemProxy;
			containerPortal = 472912E426222EFF00F0D545 /* Project object */;
			proxyType = 1;
			remoteGlobalIDString = 472912EB26222EFF00F0D545;
			remoteInfo = "Starter SwiftUI";
		};
/* End PBXContainerItemProxy section */

/* Begin PBXFileReference section */
		472912EC26222EFF00F0D545 /* Starter SwiftUI.app */ = {isa = PBXFileReference; explicitFileType = wrapper.application; includeInIndex = 0; path = "Starter SwiftUI.app"; sourceTree = BUILT_PRODUCTS_DIR; };
		472912EF26222EFF00F0D545 /* Starter_SwiftUIApp.swift */ = {isa = PBXFileReference; lastKnownFileType = sourcecode.swift; path = Starter_SwiftUIApp.swift; sourceTree = "<group>"; };
		472912F126222EFF00F0D545 /* ContentView.swift */ = {isa = PBXFileReference; lastKnownFileType = sourcecode.swift; path = ContentView.swift; sourceTree = "<group>"; };
		472912F326222EFF00F0D545 /* Assets.xcassets */ = {isa = PBXFileReference; lastKnownFileType = folder.assetcatalog; path = Assets.xcassets; sourceTree = "<group>"; };
		472912F626222EFF00F0D545 /* Preview Assets.xcassets */ = {isa = PBXFileReference; lastKnownFileType = folder.assetcatalog; path = "Preview Assets.xcassets"; sourceTree = "<group>"; };
		472912FB26222EFF00F0D545 /* Starter_SwiftUI.xcdatamodel */ = {isa = PBXFileReference; lastKnownFileType = wrapper.xcdatamodel; path = Starter_SwiftUI.xcdatamodel; sourceTree = "<group>"; };
		472912FD26222EFF00F0D545 /* Info.plist */ = {isa = PBXFileReference; lastKnownFileType = text.plist.xml; path = Info.plist; sourceTree = "<group>"; };
		4729130226222F0000F0D545 /* Starter SwiftUITests.xctest */ = {isa = PBXFileReference; explicitFileType = wrapper.cfbundle; includeInIndex = 0; path = "Starter SwiftUITests.xctest"; sourceTree = BUILT_PRODUCTS_DIR; };
		4729130626222F0000F0D545 /* Starter_SwiftUITests.swift */ = {isa = PBXFileReference; lastKnownFileType = sourcecode.swift; path = Starter_SwiftUITests.swift; sourceTree = "<group>"; };
		4729130826222F0000F0D545 /* Info.plist */ = {isa = PBXFileReference; lastKnownFileType = text.plist.xml; path = Info.plist; sourceTree = "<group>"; };
		4729130D26222F0000F0D545 /* Starter SwiftUIUITests.xctest */ = {isa = PBXFileReference; explicitFileType = wrapper.cfbundle; includeInIndex = 0; path = "Starter SwiftUIUITests.xctest"; sourceTree = BUILT_PRODUCTS_DIR; };
		4729131126222F0000F0D545 /* Starter_SwiftUIUITests.swift */ = {isa = PBXFileReference; lastKnownFileType = sourcecode.swift; path = Starter_SwiftUIUITests.swift; sourceTree = "<group>"; };
		4729131326222F0000F0D545 /* Info.plist */ = {isa = PBXFileReference; lastKnownFileType = text.plist.xml; path = Info.plist; sourceTree = "<group>"; };
		47291336262230EA00F0D545 /* UserDefaultManager.swift */ = {isa = PBXFileReference; lastKnownFileType = sourcecode.swift; path = UserDefaultManager.swift; sourceTree = "<group>"; };
		4729133D2622316E00F0D545 /* AppFont.swift */ = {isa = PBXFileReference; lastKnownFileType = sourcecode.swift; path = AppFont.swift; sourceTree = "<group>"; };
		47291345262231C600F0D545 /* SettingsManager.swift */ = {isa = PBXFileReference; fileEncoding = 4; lastKnownFileType = sourcecode.swift; path = SettingsManager.swift; sourceTree = "<group>"; };
		47291346262231C600F0D545 /* InstructionsView.swift */ = {isa = PBXFileReference; fileEncoding = 4; lastKnownFileType = sourcecode.swift; path = InstructionsView.swift; sourceTree = "<group>"; };
		47291347262231C600F0D545 /* SettingsView.swift */ = {isa = PBXFileReference; fileEncoding = 4; lastKnownFileType = sourcecode.swift; path = SettingsView.swift; sourceTree = "<group>"; };
		47291348262231C600F0D545 /* SettingCell.swift */ = {isa = PBXFileReference; fileEncoding = 4; lastKnownFileType = sourcecode.swift; path = SettingCell.swift; sourceTree = "<group>"; };
		472913522622320C00F0D545 /* EULAView.swift */ = {isa = PBXFileReference; fileEncoding = 4; lastKnownFileType = sourcecode.swift; path = EULAView.swift; sourceTree = "<group>"; };
		472913532622320C00F0D545 /* WelcomeView.swift */ = {isa = PBXFileReference; fileEncoding = 4; lastKnownFileType = sourcecode.swift; path = WelcomeView.swift; sourceTree = "<group>"; };
		472913542622320C00F0D545 /* OnboardingView.swift */ = {isa = PBXFileReference; fileEncoding = 4; lastKnownFileType = sourcecode.swift; path = OnboardingView.swift; sourceTree = "<group>"; };
		472913672622325800F0D545 /* AlertPresenter.swift */ = {isa = PBXFileReference; fileEncoding = 4; lastKnownFileType = sourcecode.swift; path = AlertPresenter.swift; sourceTree = "<group>"; };
		4729136D2622327B00F0D545 /* Extensions.swift */ = {isa = PBXFileReference; lastKnownFileType = sourcecode.swift; path = Extensions.swift; sourceTree = "<group>"; };
		472913A326223B7000F0D545 /* Launch Screen.storyboard */ = {isa = PBXFileReference; lastKnownFileType = file.storyboard; path = "Launch Screen.storyboard"; sourceTree = "<group>"; };
		472913B5262240E300F0D545 /* SoundManager.swift */ = {isa = PBXFileReference; fileEncoding = 4; lastKnownFileType = sourcecode.swift; path = SoundManager.swift; sourceTree = "<group>"; };
		472913D82622437700F0D545 /* ImagePicker.swift */ = {isa = PBXFileReference; fileEncoding = 4; lastKnownFileType = sourcecode.swift; path = ImagePicker.swift; sourceTree = "<group>"; };
		472913D92622437700F0D545 /* MailComposeView.swift */ = {isa = PBXFileReference; fileEncoding = 4; lastKnownFileType = sourcecode.swift; path = MailComposeView.swift; sourceTree = "<group>"; };
		472913DA2622437700F0D545 /* ActivityView.swift */ = {isa = PBXFileReference; fileEncoding = 4; lastKnownFileType = sourcecode.swift; path = ActivityView.swift; sourceTree = "<group>"; };
		472913E72622450D00F0D545 /* AppInfo.swift */ = {isa = PBXFileReference; lastKnownFileType = sourcecode.swift; path = AppInfo.swift; sourceTree = "<group>"; };
		472913F2262246D100F0D545 /* AppTintColor.swift */ = {isa = PBXFileReference; lastKnownFileType = sourcecode.swift; path = AppTintColor.swift; sourceTree = "<group>"; };
		472913F726224ED900F0D545 /* ViewModifiers.swift */ = {isa = PBXFileReference; lastKnownFileType = sourcecode.swift; path = ViewModifiers.swift; sourceTree = "<group>"; };
		4783FFD42628A07D00A4FEA9 /* Persistence.swift */ = {isa = PBXFileReference; fileEncoding = 4; lastKnownFileType = sourcecode.swift; path = Persistence.swift; sourceTree = "<group>"; };
		4783FFD92628A08E00A4FEA9 /* Log.swift */ = {isa = PBXFileReference; lastKnownFileType = sourcecode.swift; path = Log.swift; sourceTree = "<group>"; };
/* End PBXFileReference section */

/* Begin PBXFrameworksBuildPhase section */
		472912E926222EFF00F0D545 /* Frameworks */ = {
			isa = PBXFrameworksBuildPhase;
			buildActionMask = 2147483647;
			files = (
			);
			runOnlyForDeploymentPostprocessing = 0;
		};
		472912FF26222F0000F0D545 /* Frameworks */ = {
			isa = PBXFrameworksBuildPhase;
			buildActionMask = 2147483647;
			files = (
			);
			runOnlyForDeploymentPostprocessing = 0;
		};
		4729130A26222F0000F0D545 /* Frameworks */ = {
			isa = PBXFrameworksBuildPhase;
			buildActionMask = 2147483647;
			files = (
			);
			runOnlyForDeploymentPostprocessing = 0;
		};
/* End PBXFrameworksBuildPhase section */

/* Begin PBXGroup section */
		472912E326222EFF00F0D545 = {
			isa = PBXGroup;
			children = (
				472912EE26222EFF00F0D545 /* Starter SwiftUI */,
				4729130526222F0000F0D545 /* Starter SwiftUITests */,
				4729131026222F0000F0D545 /* Starter SwiftUIUITests */,
				472912ED26222EFF00F0D545 /* Products */,
			);
			sourceTree = "<group>";
		};
		472912ED26222EFF00F0D545 /* Products */ = {
			isa = PBXGroup;
			children = (
				472912EC26222EFF00F0D545 /* Starter SwiftUI.app */,
				4729130226222F0000F0D545 /* Starter SwiftUITests.xctest */,
				4729130D26222F0000F0D545 /* Starter SwiftUIUITests.xctest */,
			);
			name = Products;
			sourceTree = "<group>";
		};
		472912EE26222EFF00F0D545 /* Starter SwiftUI */ = {
			isa = PBXGroup;
			children = (
				47291375262232DF00F0D545 /* Controllers */,
				472913D42622435900F0D545 /* Pickers */,
				47291335262230D500F0D545 /* Classes */,
				4729133C2622316100F0D545 /* Models */,
				472913282622303B00F0D545 /* Database */,
				4729136C2622326E00F0D545 /* Helpers */,
				47291379262232F000F0D545 /* Root */,
				472912FD26222EFF00F0D545 /* Info.plist */,
				472912F526222EFF00F0D545 /* Preview Content */,
			);
			path = "Starter SwiftUI";
			sourceTree = "<group>";
		};
		472912F526222EFF00F0D545 /* Preview Content */ = {
			isa = PBXGroup;
			children = (
				472912F626222EFF00F0D545 /* Preview Assets.xcassets */,
			);
			path = "Preview Content";
			sourceTree = "<group>";
		};
		4729130526222F0000F0D545 /* Starter SwiftUITests */ = {
			isa = PBXGroup;
			children = (
				4729130626222F0000F0D545 /* Starter_SwiftUITests.swift */,
				4729130826222F0000F0D545 /* Info.plist */,
			);
			path = "Starter SwiftUITests";
			sourceTree = "<group>";
		};
		4729131026222F0000F0D545 /* Starter SwiftUIUITests */ = {
			isa = PBXGroup;
			children = (
				4729131126222F0000F0D545 /* Starter_SwiftUIUITests.swift */,
				4729131326222F0000F0D545 /* Info.plist */,
			);
			path = "Starter SwiftUIUITests";
			sourceTree = "<group>";
		};
		472913282622303B00F0D545 /* Database */ = {
			isa = PBXGroup;
			children = (
				4783FFD42628A07D00A4FEA9 /* Persistence.swift */,
				472912FA26222EFF00F0D545 /* Starter_SwiftUI.xcdatamodeld */,
			);
			path = Database;
			sourceTree = "<group>";
		};
		4729132F262230BE00F0D545 /* Settings */ = {
			isa = PBXGroup;
			children = (
				47291347262231C600F0D545 /* SettingsView.swift */,
				47291345262231C600F0D545 /* SettingsManager.swift */,
				4729139926223A0E00F0D545 /* OtherViews */,
			);
			path = Settings;
			sourceTree = "<group>";
		};
		47291335262230D500F0D545 /* Classes */ = {
			isa = PBXGroup;
			children = (
				472913B5262240E300F0D545 /* SoundManager.swift */,
				472913672622325800F0D545 /* AlertPresenter.swift */,
				47291336262230EA00F0D545 /* UserDefaultManager.swift */,
			);
			path = Classes;
			sourceTree = "<group>";
		};
		4729133C2622316100F0D545 /* Models */ = {
			isa = PBXGroup;
			children = (
				4729133D2622316E00F0D545 /* AppFont.swift */,
				472913E72622450D00F0D545 /* AppInfo.swift */,
				472913F2262246D100F0D545 /* AppTintColor.swift */,
			);
			path = Models;
			sourceTree = "<group>";
		};
		4729136C2622326E00F0D545 /* Helpers */ = {
			isa = PBXGroup;
			children = (
				4729136D2622327B00F0D545 /* Extensions.swift */,
				4783FFD92628A08E00A4FEA9 /* Log.swift */,
				472913F726224ED900F0D545 /* ViewModifiers.swift */,
			);
			path = Helpers;
			sourceTree = "<group>";
		};
		47291375262232DF00F0D545 /* Controllers */ = {
			isa = PBXGroup;
			children = (
				472913B126223BF700F0D545 /* ContentView */,
				4729132F262230BE00F0D545 /* Settings */,
			);
			path = Controllers;
			sourceTree = "<group>";
		};
		47291379262232F000F0D545 /* Root */ = {
			isa = PBXGroup;
			children = (
				472912EF26222EFF00F0D545 /* Starter_SwiftUIApp.swift */,
				472912F326222EFF00F0D545 /* Assets.xcassets */,
				472913A326223B7000F0D545 /* Launch Screen.storyboard */,
			);
			path = Root;
			sourceTree = "<group>";
		};
		4729139926223A0E00F0D545 /* OtherViews */ = {
			isa = PBXGroup;
			children = (
				472913532622320C00F0D545 /* WelcomeView.swift */,
				472913522622320C00F0D545 /* EULAView.swift */,
				472913542622320C00F0D545 /* OnboardingView.swift */,
				47291348262231C600F0D545 /* SettingCell.swift */,
				47291346262231C600F0D545 /* InstructionsView.swift */,
			);
			path = OtherViews;
			sourceTree = "<group>";
		};
		472913B126223BF700F0D545 /* ContentView */ = {
			isa = PBXGroup;
			children = (
				472912F126222EFF00F0D545 /* ContentView.swift */,
			);
			path = ContentView;
			sourceTree = "<group>";
		};
		472913D42622435900F0D545 /* Pickers */ = {
			isa = PBXGroup;
			children = (
				472913DA2622437700F0D545 /* ActivityView.swift */,
				472913D82622437700F0D545 /* ImagePicker.swift */,
				472913D92622437700F0D545 /* MailComposeView.swift */,
			);
			path = Pickers;
			sourceTree = "<group>";
		};
/* End PBXGroup section */

/* Begin PBXNativeTarget section */
		472912EB26222EFF00F0D545 /* Starter SwiftUI */ = {
			isa = PBXNativeTarget;
			buildConfigurationList = 4729131626222F0000F0D545 /* Build configuration list for PBXNativeTarget "Starter SwiftUI" */;
			buildPhases = (
				472912E826222EFF00F0D545 /* Sources */,
				472912E926222EFF00F0D545 /* Frameworks */,
				472912EA26222EFF00F0D545 /* Resources */,
			);
			buildRules = (
			);
			dependencies = (
			);
			name = "Starter SwiftUI";
			productName = "Starter SwiftUI";
			productReference = 472912EC26222EFF00F0D545 /* Starter SwiftUI.app */;
			productType = "com.apple.product-type.application";
		};
		4729130126222F0000F0D545 /* Starter SwiftUITests */ = {
			isa = PBXNativeTarget;
			buildConfigurationList = 4729131926222F0000F0D545 /* Build configuration list for PBXNativeTarget "Starter SwiftUITests" */;
			buildPhases = (
				472912FE26222F0000F0D545 /* Sources */,
				472912FF26222F0000F0D545 /* Frameworks */,
				4729130026222F0000F0D545 /* Resources */,
			);
			buildRules = (
			);
			dependencies = (
				4729130426222F0000F0D545 /* PBXTargetDependency */,
			);
			name = "Starter SwiftUITests";
			productName = "Starter SwiftUITests";
			productReference = 4729130226222F0000F0D545 /* Starter SwiftUITests.xctest */;
			productType = "com.apple.product-type.bundle.unit-test";
		};
		4729130C26222F0000F0D545 /* Starter SwiftUIUITests */ = {
			isa = PBXNativeTarget;
			buildConfigurationList = 4729131C26222F0000F0D545 /* Build configuration list for PBXNativeTarget "Starter SwiftUIUITests" */;
			buildPhases = (
				4729130926222F0000F0D545 /* Sources */,
				4729130A26222F0000F0D545 /* Frameworks */,
				4729130B26222F0000F0D545 /* Resources */,
			);
			buildRules = (
			);
			dependencies = (
				4729130F26222F0000F0D545 /* PBXTargetDependency */,
			);
			name = "Starter SwiftUIUITests";
			productName = "Starter SwiftUIUITests";
			productReference = 4729130D26222F0000F0D545 /* Starter SwiftUIUITests.xctest */;
			productType = "com.apple.product-type.bundle.ui-testing";
		};
/* End PBXNativeTarget section */

/* Begin PBXProject section */
		472912E426222EFF00F0D545 /* Project object */ = {
			isa = PBXProject;
			attributes = {
				LastSwiftUpdateCheck = 1240;
				LastUpgradeCheck = 1240;
				TargetAttributes = {
					472912EB26222EFF00F0D545 = {
						CreatedOnToolsVersion = 12.4;
					};
					4729130126222F0000F0D545 = {
						CreatedOnToolsVersion = 12.4;
						TestTargetID = 472912EB26222EFF00F0D545;
					};
					4729130C26222F0000F0D545 = {
						CreatedOnToolsVersion = 12.4;
						TestTargetID = 472912EB26222EFF00F0D545;
					};
				};
			};
			buildConfigurationList = 472912E726222EFF00F0D545 /* Build configuration list for PBXProject "Starter SwiftUI" */;
			compatibilityVersion = "Xcode 9.3";
			developmentRegion = en;
			hasScannedForEncodings = 0;
			knownRegions = (
				en,
				Base,
			);
			mainGroup = 472912E326222EFF00F0D545;
			productRefGroup = 472912ED26222EFF00F0D545 /* Products */;
			projectDirPath = "";
			projectRoot = "";
			targets = (
				472912EB26222EFF00F0D545 /* Starter SwiftUI */,
				4729130126222F0000F0D545 /* Starter SwiftUITests */,
				4729130C26222F0000F0D545 /* Starter SwiftUIUITests */,
			);
		};
/* End PBXProject section */

/* Begin PBXResourcesBuildPhase section */
		472912EA26222EFF00F0D545 /* Resources */ = {
			isa = PBXResourcesBuildPhase;
			buildActionMask = 2147483647;
			files = (
				472913A426223B7000F0D545 /* Launch Screen.storyboard in Resources */,
				472912F726222EFF00F0D545 /* Preview Assets.xcassets in Resources */,
				472912F426222EFF00F0D545 /* Assets.xcassets in Resources */,
			);
			runOnlyForDeploymentPostprocessing = 0;
		};
		4729130026222F0000F0D545 /* Resources */ = {
			isa = PBXResourcesBuildPhase;
			buildActionMask = 2147483647;
			files = (
			);
			runOnlyForDeploymentPostprocessing = 0;
		};
		4729130B26222F0000F0D545 /* Resources */ = {
			isa = PBXResourcesBuildPhase;
			buildActionMask = 2147483647;
			files = (
			);
			runOnlyForDeploymentPostprocessing = 0;
		};
/* End PBXResourcesBuildPhase section */

/* Begin PBXSourcesBuildPhase section */
		472912E826222EFF00F0D545 /* Sources */ = {
			isa = PBXSourcesBuildPhase;
			buildActionMask = 2147483647;
			files = (
				4729136E2622327B00F0D545 /* Extensions.swift in Sources */,
				4783FFDA2628A08E00A4FEA9 /* Log.swift in Sources */,
				47291337262230EA00F0D545 /* UserDefaultManager.swift in Sources */,
				4729134A262231C600F0D545 /* InstructionsView.swift in Sources */,
				472913DB2622437700F0D545 /* ImagePicker.swift in Sources */,
				472913562622320D00F0D545 /* EULAView.swift in Sources */,
				4729134B262231C600F0D545 /* SettingsView.swift in Sources */,
				472913F3262246D100F0D545 /* AppTintColor.swift in Sources */,
				4729133E2622316E00F0D545 /* AppFont.swift in Sources */,
				472913F826224ED900F0D545 /* ViewModifiers.swift in Sources */,
				472913572622320D00F0D545 /* WelcomeView.swift in Sources */,
				47291349262231C600F0D545 /* SettingsManager.swift in Sources */,
				4783FFD52628A07D00A4FEA9 /* Persistence.swift in Sources */,
				472913682622325800F0D545 /* AlertPresenter.swift in Sources */,
				472912F226222EFF00F0D545 /* ContentView.swift in Sources */,
				472913DD2622437700F0D545 /* ActivityView.swift in Sources */,
				472913E82622450D00F0D545 /* AppInfo.swift in Sources */,
				472913DC2622437700F0D545 /* MailComposeView.swift in Sources */,
				472912F026222EFF00F0D545 /* Starter_SwiftUIApp.swift in Sources */,
				4729134C262231C600F0D545 /* SettingCell.swift in Sources */,
				472912FC26222EFF00F0D545 /* Starter_SwiftUI.xcdatamodeld in Sources */,
				472913B6262240E300F0D545 /* SoundManager.swift in Sources */,
				472913582622320D00F0D545 /* OnboardingView.swift in Sources */,
			);
			runOnlyForDeploymentPostprocessing = 0;
		};
		472912FE26222F0000F0D545 /* Sources */ = {
			isa = PBXSourcesBuildPhase;
			buildActionMask = 2147483647;
			files = (
				4729130726222F0000F0D545 /* Starter_SwiftUITests.swift in Sources */,
			);
			runOnlyForDeploymentPostprocessing = 0;
		};
		4729130926222F0000F0D545 /* Sources */ = {
			isa = PBXSourcesBuildPhase;
			buildActionMask = 2147483647;
			files = (
				4729131226222F0000F0D545 /* Starter_SwiftUIUITests.swift in Sources */,
			);
			runOnlyForDeploymentPostprocessing = 0;
		};
/* End PBXSourcesBuildPhase section */

/* Begin PBXTargetDependency section */
		4729130426222F0000F0D545 /* PBXTargetDependency */ = {
			isa = PBXTargetDependency;
			target = 472912EB26222EFF00F0D545 /* Starter SwiftUI */;
			targetProxy = 4729130326222F0000F0D545 /* PBXContainerItemProxy */;
		};
		4729130F26222F0000F0D545 /* PBXTargetDependency */ = {
			isa = PBXTargetDependency;
			target = 472912EB26222EFF00F0D545 /* Starter SwiftUI */;
			targetProxy = 4729130E26222F0000F0D545 /* PBXContainerItemProxy */;
		};
/* End PBXTargetDependency section */

/* Begin XCBuildConfiguration section */
		4729131426222F0000F0D545 /* Debug */ = {
			isa = XCBuildConfiguration;
			buildSettings = {
				ALWAYS_SEARCH_USER_PATHS = NO;
				CLANG_ANALYZER_NONNULL = YES;
				CLANG_ANALYZER_NUMBER_OBJECT_CONVERSION = YES_AGGRESSIVE;
				CLANG_CXX_LANGUAGE_STANDARD = "gnu++14";
				CLANG_CXX_LIBRARY = "libc++";
				CLANG_ENABLE_MODULES = YES;
				CLANG_ENABLE_OBJC_ARC = YES;
				CLANG_ENABLE_OBJC_WEAK = YES;
				CLANG_WARN_BLOCK_CAPTURE_AUTORELEASING = YES;
				CLANG_WARN_BOOL_CONVERSION = YES;
				CLANG_WARN_COMMA = YES;
				CLANG_WARN_CONSTANT_CONVERSION = YES;
				CLANG_WARN_DEPRECATED_OBJC_IMPLEMENTATIONS = YES;
				CLANG_WARN_DIRECT_OBJC_ISA_USAGE = YES_ERROR;
				CLANG_WARN_DOCUMENTATION_COMMENTS = YES;
				CLANG_WARN_EMPTY_BODY = YES;
				CLANG_WARN_ENUM_CONVERSION = YES;
				CLANG_WARN_INFINITE_RECURSION = YES;
				CLANG_WARN_INT_CONVERSION = YES;
				CLANG_WARN_NON_LITERAL_NULL_CONVERSION = YES;
				CLANG_WARN_OBJC_IMPLICIT_RETAIN_SELF = YES;
				CLANG_WARN_OBJC_LITERAL_CONVERSION = YES;
				CLANG_WARN_OBJC_ROOT_CLASS = YES_ERROR;
				CLANG_WARN_QUOTED_INCLUDE_IN_FRAMEWORK_HEADER = YES;
				CLANG_WARN_RANGE_LOOP_ANALYSIS = YES;
				CLANG_WARN_STRICT_PROTOTYPES = YES;
				CLANG_WARN_SUSPICIOUS_MOVE = YES;
				CLANG_WARN_UNGUARDED_AVAILABILITY = YES_AGGRESSIVE;
				CLANG_WARN_UNREACHABLE_CODE = YES;
				CLANG_WARN__DUPLICATE_METHOD_MATCH = YES;
				COPY_PHASE_STRIP = NO;
				DEBUG_INFORMATION_FORMAT = dwarf;
				ENABLE_STRICT_OBJC_MSGSEND = YES;
				ENABLE_TESTABILITY = YES;
				GCC_C_LANGUAGE_STANDARD = gnu11;
				GCC_DYNAMIC_NO_PIC = NO;
				GCC_NO_COMMON_BLOCKS = YES;
				GCC_OPTIMIZATION_LEVEL = 0;
				GCC_PREPROCESSOR_DEFINITIONS = (
					"DEBUG=1",
					"$(inherited)",
				);
				GCC_WARN_64_TO_32_BIT_CONVERSION = YES;
				GCC_WARN_ABOUT_RETURN_TYPE = YES_ERROR;
				GCC_WARN_UNDECLARED_SELECTOR = YES;
				GCC_WARN_UNINITIALIZED_AUTOS = YES_AGGRESSIVE;
				GCC_WARN_UNUSED_FUNCTION = YES;
				GCC_WARN_UNUSED_VARIABLE = YES;
				IPHONEOS_DEPLOYMENT_TARGET = 14.4;
				MTL_ENABLE_DEBUG_INFO = INCLUDE_SOURCE;
				MTL_FAST_MATH = YES;
				ONLY_ACTIVE_ARCH = YES;
				SDKROOT = iphoneos;
				SWIFT_ACTIVE_COMPILATION_CONDITIONS = DEBUG;
				SWIFT_OPTIMIZATION_LEVEL = "-Onone";
			};
			name = Debug;
		};
		4729131526222F0000F0D545 /* Release */ = {
			isa = XCBuildConfiguration;
			buildSettings = {
				ALWAYS_SEARCH_USER_PATHS = NO;
				CLANG_ANALYZER_NONNULL = YES;
				CLANG_ANALYZER_NUMBER_OBJECT_CONVERSION = YES_AGGRESSIVE;
				CLANG_CXX_LANGUAGE_STANDARD = "gnu++14";
				CLANG_CXX_LIBRARY = "libc++";
				CLANG_ENABLE_MODULES = YES;
				CLANG_ENABLE_OBJC_ARC = YES;
				CLANG_ENABLE_OBJC_WEAK = YES;
				CLANG_WARN_BLOCK_CAPTURE_AUTORELEASING = YES;
				CLANG_WARN_BOOL_CONVERSION = YES;
				CLANG_WARN_COMMA = YES;
				CLANG_WARN_CONSTANT_CONVERSION = YES;
				CLANG_WARN_DEPRECATED_OBJC_IMPLEMENTATIONS = YES;
				CLANG_WARN_DIRECT_OBJC_ISA_USAGE = YES_ERROR;
				CLANG_WARN_DOCUMENTATION_COMMENTS = YES;
				CLANG_WARN_EMPTY_BODY = YES;
				CLANG_WARN_ENUM_CONVERSION = YES;
				CLANG_WARN_INFINITE_RECURSION = YES;
				CLANG_WARN_INT_CONVERSION = YES;
				CLANG_WARN_NON_LITERAL_NULL_CONVERSION = YES;
				CLANG_WARN_OBJC_IMPLICIT_RETAIN_SELF = YES;
				CLANG_WARN_OBJC_LITERAL_CONVERSION = YES;
				CLANG_WARN_OBJC_ROOT_CLASS = YES_ERROR;
				CLANG_WARN_QUOTED_INCLUDE_IN_FRAMEWORK_HEADER = YES;
				CLANG_WARN_RANGE_LOOP_ANALYSIS = YES;
				CLANG_WARN_STRICT_PROTOTYPES = YES;
				CLANG_WARN_SUSPICIOUS_MOVE = YES;
				CLANG_WARN_UNGUARDED_AVAILABILITY = YES_AGGRESSIVE;
				CLANG_WARN_UNREACHABLE_CODE = YES;
				CLANG_WARN__DUPLICATE_METHOD_MATCH = YES;
				COPY_PHASE_STRIP = NO;
				DEBUG_INFORMATION_FORMAT = "dwarf-with-dsym";
				ENABLE_NS_ASSERTIONS = NO;
				ENABLE_STRICT_OBJC_MSGSEND = YES;
				GCC_C_LANGUAGE_STANDARD = gnu11;
				GCC_NO_COMMON_BLOCKS = YES;
				GCC_WARN_64_TO_32_BIT_CONVERSION = YES;
				GCC_WARN_ABOUT_RETURN_TYPE = YES_ERROR;
				GCC_WARN_UNDECLARED_SELECTOR = YES;
				GCC_WARN_UNINITIALIZED_AUTOS = YES_AGGRESSIVE;
				GCC_WARN_UNUSED_FUNCTION = YES;
				GCC_WARN_UNUSED_VARIABLE = YES;
				IPHONEOS_DEPLOYMENT_TARGET = 14.4;
				MTL_ENABLE_DEBUG_INFO = NO;
				MTL_FAST_MATH = YES;
				SDKROOT = iphoneos;
				SWIFT_COMPILATION_MODE = wholemodule;
				SWIFT_OPTIMIZATION_LEVEL = "-O";
				VALIDATE_PRODUCT = YES;
			};
			name = Release;
		};
		4729131726222F0000F0D545 /* Debug */ = {
			isa = XCBuildConfiguration;
			buildSettings = {
				ASSETCATALOG_COMPILER_APPICON_NAME = AppIcon;
				ASSETCATALOG_COMPILER_GLOBAL_ACCENT_COLOR_NAME = AccentColor;
				CODE_SIGN_STYLE = Automatic;
				DEVELOPMENT_ASSET_PATHS = "\"Starter SwiftUI/Preview Content\"";
				DEVELOPMENT_TEAM = HJ9L53D9PB;
				ENABLE_PREVIEWS = YES;
				INFOPLIST_FILE = "Starter SwiftUI/Info.plist";
				IPHONEOS_DEPLOYMENT_TARGET = 14.1;
				LD_RUNPATH_SEARCH_PATHS = (
					"$(inherited)",
					"@executable_path/Frameworks",
				);
				PRODUCT_BUNDLE_IDENTIFIER = "com.jonahaung.Starter-SwiftUI";
				PRODUCT_NAME = "$(TARGET_NAME)";
				SWIFT_VERSION = 5.0;
				TARGETED_DEVICE_FAMILY = "1,2";
			};
			name = Debug;
		};
		4729131826222F0000F0D545 /* Release */ = {
			isa = XCBuildConfiguration;
			buildSettings = {
				ASSETCATALOG_COMPILER_APPICON_NAME = AppIcon;
				ASSETCATALOG_COMPILER_GLOBAL_ACCENT_COLOR_NAME = AccentColor;
				CODE_SIGN_STYLE = Automatic;
				DEVELOPMENT_ASSET_PATHS = "\"Starter SwiftUI/Preview Content\"";
				DEVELOPMENT_TEAM = HJ9L53D9PB;
				ENABLE_PREVIEWS = YES;
				INFOPLIST_FILE = "Starter SwiftUI/Info.plist";
				IPHONEOS_DEPLOYMENT_TARGET = 14.1;
				LD_RUNPATH_SEARCH_PATHS = (
					"$(inherited)",
					"@executable_path/Frameworks",
				);
				PRODUCT_BUNDLE_IDENTIFIER = "com.jonahaung.Starter-SwiftUI";
				PRODUCT_NAME = "$(TARGET_NAME)";
				SWIFT_VERSION = 5.0;
				TARGETED_DEVICE_FAMILY = "1,2";
			};
			name = Release;
		};
		4729131A26222F0000F0D545 /* Debug */ = {
			isa = XCBuildConfiguration;
			buildSettings = {
				ALWAYS_EMBED_SWIFT_STANDARD_LIBRARIES = YES;
				BUNDLE_LOADER = "$(TEST_HOST)";
				CODE_SIGN_STYLE = Automatic;
				DEVELOPMENT_TEAM = HJ9L53D9PB;
				INFOPLIST_FILE = "Starter SwiftUITests/Info.plist";
				IPHONEOS_DEPLOYMENT_TARGET = 14.0;
				LD_RUNPATH_SEARCH_PATHS = (
					"$(inherited)",
					"@executable_path/Frameworks",
					"@loader_path/Frameworks",
				);
				PRODUCT_BUNDLE_IDENTIFIER = "com.jonahaung.Starter-SwiftUITests";
				PRODUCT_NAME = "$(TARGET_NAME)";
				SWIFT_VERSION = 5.0;
				TARGETED_DEVICE_FAMILY = "1,2";
				TEST_HOST = "$(BUILT_PRODUCTS_DIR)/Starter SwiftUI.app/Starter SwiftUI";
			};
			name = Debug;
		};
		4729131B26222F0000F0D545 /* Release */ = {
			isa = XCBuildConfiguration;
			buildSettings = {
				ALWAYS_EMBED_SWIFT_STANDARD_LIBRARIES = YES;
				BUNDLE_LOADER = "$(TEST_HOST)";
				CODE_SIGN_STYLE = Automatic;
				DEVELOPMENT_TEAM = HJ9L53D9PB;
				INFOPLIST_FILE = "Starter SwiftUITests/Info.plist";
				IPHONEOS_DEPLOYMENT_TARGET = 14.0;
				LD_RUNPATH_SEARCH_PATHS = (
					"$(inherited)",
					"@executable_path/Frameworks",
					"@loader_path/Frameworks",
				);
				PRODUCT_BUNDLE_IDENTIFIER = "com.jonahaung.Starter-SwiftUITests";
				PRODUCT_NAME = "$(TARGET_NAME)";
				SWIFT_VERSION = 5.0;
				TARGETED_DEVICE_FAMILY = "1,2";
				TEST_HOST = "$(BUILT_PRODUCTS_DIR)/Starter SwiftUI.app/Starter SwiftUI";
			};
			name = Release;
		};
		4729131D26222F0000F0D545 /* Debug */ = {
			isa = XCBuildConfiguration;
			buildSettings = {
				ALWAYS_EMBED_SWIFT_STANDARD_LIBRARIES = YES;
				CODE_SIGN_STYLE = Automatic;
				DEVELOPMENT_TEAM = HJ9L53D9PB;
				INFOPLIST_FILE = "Starter SwiftUIUITests/Info.plist";
				LD_RUNPATH_SEARCH_PATHS = (
					"$(inherited)",
					"@executable_path/Frameworks",
					"@loader_path/Frameworks",
				);
				PRODUCT_BUNDLE_IDENTIFIER = "com.jonahaung.Starter-SwiftUIUITests";
				PRODUCT_NAME = "$(TARGET_NAME)";
				SWIFT_VERSION = 5.0;
				TARGETED_DEVICE_FAMILY = "1,2";
				TEST_TARGET_NAME = "Starter SwiftUI";
			};
			name = Debug;
		};
		4729131E26222F0000F0D545 /* Release */ = {
			isa = XCBuildConfiguration;
			buildSettings = {
				ALWAYS_EMBED_SWIFT_STANDARD_LIBRARIES = YES;
				CODE_SIGN_STYLE = Automatic;
				DEVELOPMENT_TEAM = HJ9L53D9PB;
				INFOPLIST_FILE = "Starter SwiftUIUITests/Info.plist";
				LD_RUNPATH_SEARCH_PATHS = (
					"$(inherited)",
					"@executable_path/Frameworks",
					"@loader_path/Frameworks",
				);
				PRODUCT_BUNDLE_IDENTIFIER = "com.jonahaung.Starter-SwiftUIUITests";
				PRODUCT_NAME = "$(TARGET_NAME)";
				SWIFT_VERSION = 5.0;
				TARGETED_DEVICE_FAMILY = "1,2";
				TEST_TARGET_NAME = "Starter SwiftUI";
			};
			name = Release;
		};
/* End XCBuildConfiguration section */

/* Begin XCConfigurationList section */
		472912E726222EFF00F0D545 /* Build configuration list for PBXProject "Starter SwiftUI" */ = {
			isa = XCConfigurationList;
			buildConfigurations = (
				4729131426222F0000F0D545 /* Debug */,
				4729131526222F0000F0D545 /* Release */,
			);
			defaultConfigurationIsVisible = 0;
			defaultConfigurationName = Release;
		};
		4729131626222F0000F0D545 /* Build configuration list for PBXNativeTarget "Starter SwiftUI" */ = {
			isa = XCConfigurationList;
			buildConfigurations = (
				4729131726222F0000F0D545 /* Debug */,
				4729131826222F0000F0D545 /* Release */,
			);
			defaultConfigurationIsVisible = 0;
			defaultConfigurationName = Release;
		};
		4729131926222F0000F0D545 /* Build configuration list for PBXNativeTarget "Starter SwiftUITests" */ = {
			isa = XCConfigurationList;
			buildConfigurations = (
				4729131A26222F0000F0D545 /* Debug */,
				4729131B26222F0000F0D545 /* Release */,
			);
			defaultConfigurationIsVisible = 0;
			defaultConfigurationName = Release;
		};
		4729131C26222F0000F0D545 /* Build configuration list for PBXNativeTarget "Starter SwiftUIUITests" */ = {
			isa = XCConfigurationList;
			buildConfigurations = (
				4729131D26222F0000F0D545 /* Debug */,
				4729131E26222F0000F0D545 /* Release */,
			);
			defaultConfigurationIsVisible = 0;
			defaultConfigurationName = Release;
		};
/* End XCConfigurationList section */

/* Begin XCVersionGroup section */
		472912FA26222EFF00F0D545 /* Starter_SwiftUI.xcdatamodeld */ = {
			isa = XCVersionGroup;
			children = (
				472912FB26222EFF00F0D545 /* Starter_SwiftUI.xcdatamodel */,
			);
			currentVersion = 472912FB26222EFF00F0D545 /* Starter_SwiftUI.xcdatamodel */;
			path = Starter_SwiftUI.xcdatamodeld;
			sourceTree = "<group>";
			versionGroupType = wrapper.xcdatamodel;
		};
/* End XCVersionGroup section */
	};
	rootObject = 472912E426222EFF00F0D545 /* Project object */;
}
